{
	"name": "depot-utils",
	"version": "0.0.1",
	"lockfileVersion": 1,
	"requires": true,
	"dependencies": {
		"is-url": {
			"version": "1.2.4",
			"resolved": "http://registry.npm.taobao.org/is-url/download/is-url-1.2.4.tgz",
			"integrity": "sha1-BKTfRtKMTP89c9Af8Gq+sxihqlI="
		},
		"slash2": {
			"version": "2.0.0",
			"resolved": "http://registry.npm.taobao.org/slash2/download/slash2-2.0.0.tgz",
			"integrity": "sha1-9OChFwi4VFuRJpWYHPcJb1LGNIc="
		}
	}
}
