{
  "name": "depot-plugin-locale",
  "version": "0.0.0",
  "lockfileVersion": 1,
  "requires": true,
  "dependencies": {
    "array-union": {
      "version": "1.0.2",
      "resolved": "http://registry.npm.taobao.org/array-union/download/array-union-1.0.2.tgz",
      "integrity": "sha1-mjRBDk9OPaI96jdb5b5w8kd47Dk=",
      "requires": {
        "array-uniq": "^1.0.1"
      }
    },
    "array-uniq": {
      "version": "1.0.3",
      "resolved": "http://registry.npm.taobao.org/array-uniq/download/array-uniq-1.0.3.tgz",
      "integrity": "sha1-r2rId6Jcx/dOBYiUdThY39sk/bY="
    },
    "balanced-match": {
      "version": "1.0.0",
      "resolved": "http://registry.npm.taobao.org/balanced-match/download/balanced-match-1.0.0.tgz",
      "integrity": "sha1-ibTRmasr7kneFk6gK4nORi1xt2c="
    },
    "brace-expansion": {
      "version": "1.1.11",
      "resolved": "http://registry.npm.taobao.org/brace-expansion/download/brace-expansion-1.1.11.tgz",
      "integrity": "sha1-PH/L9SnYcibz0vUrlm/1Jx60Qd0=",
      "requires": {
        "balanced-match": "^1.0.0",
        "concat-map": "0.0.1"
      }
    },
    "concat-map": {
      "version": "0.0.1",
      "resolved": "http://registry.npm.taobao.org/concat-map/download/concat-map-0.0.1.tgz",
      "integrity": "sha1-2Klr13/Wjfd5OnMDajug1UBdR3s="
    },
    "depot-utils": {
      "version": "0.0.1",
      "resolved": "http://registry.npm.taobao.org/depot-utils/download/depot-utils-0.0.1.tgz",
      "integrity": "sha1-ykzyXmbnfq93NWGAKvSpN/2olgU=",
      "requires": {
        "is-url": "1.2.4",
        "slash2": "2.0.0"
      }
    },
    "dir-glob": {
      "version": "2.2.2",
      "resolved": "http://registry.npm.taobao.org/dir-glob/download/dir-glob-2.2.2.tgz",
      "integrity": "sha1-+gnwaUFTyJGLGLoN6vrpR2n8UMQ=",
      "requires": {
        "path-type": "^3.0.0"
      }
    },
    "fs.realpath": {
      "version": "1.0.0",
      "resolved": "http://registry.npm.taobao.org/fs.realpath/download/fs.realpath-1.0.0.tgz",
      "integrity": "sha1-FQStJSMVjKpA20onh8sBQRmU6k8="
    },
    "glob": {
      "version": "7.1.3",
      "resolved": "http://registry.npm.taobao.org/glob/download/glob-7.1.3.tgz",
      "integrity": "sha1-OWCDLT8VdBCDQtr9OmezMsCWnfE=",
      "requires": {
        "fs.realpath": "^1.0.0",
        "inflight": "^1.0.4",
        "inherits": "2",
        "minimatch": "^3.0.4",
        "once": "^1.3.0",
        "path-is-absolute": "^1.0.0"
      }
    },
    "globby": {
      "version": "7.1.1",
      "resolved": "http://registry.npm.taobao.org/globby/download/globby-7.1.1.tgz",
      "integrity": "sha1-+yzP+UAfhgCUXfral0QMypcrhoA=",
      "requires": {
        "array-union": "^1.0.1",
        "dir-glob": "^2.0.0",
        "glob": "^7.1.2",
        "ignore": "^3.3.5",
        "pify": "^3.0.0",
        "slash": "^1.0.0"
      }
    },
    "hoist-non-react-statics": {
      "version": "2.5.5",
      "resolved": "http://registry.npm.taobao.org/hoist-non-react-statics/download/hoist-non-react-statics-2.5.5.tgz",
      "integrity": "sha1-xZA89AnA39kI84jmGdhrnBF0y0c="
    },
    "ignore": {
      "version": "3.3.10",
      "resolved": "http://registry.npm.taobao.org/ignore/download/ignore-3.3.10.tgz",
      "integrity": "sha1-Cpf7h2mG6AgcYxFg+PnziRV/AEM="
    },
    "inflight": {
      "version": "1.0.6",
      "resolved": "http://registry.npm.taobao.org/inflight/download/inflight-1.0.6.tgz",
      "integrity": "sha1-Sb1jMdfQLQwJvJEKEHW6gWW1bfk=",
      "requires": {
        "once": "^1.3.0",
        "wrappy": "1"
      }
    },
    "inherits": {
      "version": "2.0.3",
      "resolved": "http://registry.npm.taobao.org/inherits/download/inherits-2.0.3.tgz",
      "integrity": "sha1-Yzwsg+PaQqUC9SRmAiSA9CCCYd4="
    },
    "intl": {
      "version": "1.2.5",
      "resolved": "http://registry.npm.taobao.org/intl/download/intl-1.2.5.tgz",
      "integrity": "sha1-giRKIZDE5Bn4Nx9ao02qNCDiq94="
    },
    "intl-format-cache": {
      "version": "2.1.0",
      "resolved": "http://registry.npm.taobao.org/intl-format-cache/download/intl-format-cache-2.1.0.tgz",
      "integrity": "sha1-BKNp/sv61tpgBbrh8UMzMy3PkxY="
    },
    "intl-messageformat": {
      "version": "2.2.0",
      "resolved": "http://registry.npm.taobao.org/intl-messageformat/download/intl-messageformat-2.2.0.tgz",
      "integrity": "sha1-NFvNRt5jC3aDMwwuUhd/9eq0hPw=",
      "requires": {
        "intl-messageformat-parser": "1.4.0"
      }
    },
    "intl-messageformat-parser": {
      "version": "1.4.0",
      "resolved": "http://registry.npm.taobao.org/intl-messageformat-parser/download/intl-messageformat-parser-1.4.0.tgz",
      "integrity": "sha1-tD1FqXRoytvkQzHXS7Ho3qRPwHU="
    },
    "intl-relativeformat": {
      "version": "2.1.0",
      "resolved": "http://registry.npm.taobao.org/intl-relativeformat/download/intl-relativeformat-2.1.0.tgz",
      "integrity": "sha1-AQ8RBYAiUfQKxH0OPhogE0iiVd8=",
      "requires": {
        "intl-messageformat": "^2.0.0"
      }
    },
    "invariant": {
      "version": "2.2.4",
      "resolved": "http://registry.npm.taobao.org/invariant/download/invariant-2.2.4.tgz",
      "integrity": "sha1-YQ88ksk1nOHbYW5TgAjSP/NRWOY=",
      "requires": {
        "loose-envify": "^1.0.0"
      }
    },
    "is-url": {
      "version": "1.2.4",
      "resolved": "http://registry.npm.taobao.org/is-url/download/is-url-1.2.4.tgz",
      "integrity": "sha1-BKTfRtKMTP89c9Af8Gq+sxihqlI="
    },
    "js-tokens": {
      "version": "4.0.0",
      "resolved": "http://registry.npm.taobao.org/js-tokens/download/js-tokens-4.0.0.tgz",
      "integrity": "sha1-GSA/tZmR35jjoocFDUZHzerzJJk="
    },
    "lodash.groupby": {
      "version": "4.6.0",
      "resolved": "http://registry.npm.taobao.org/lodash.groupby/download/lodash.groupby-4.6.0.tgz",
      "integrity": "sha1-Cwih3PaDl8OXhVwyOXg4Mt90A9E="
    },
    "loose-envify": {
      "version": "1.4.0",
      "resolved": "http://registry.npm.taobao.org/loose-envify/download/loose-envify-1.4.0.tgz",
      "integrity": "sha1-ce5R+nvkyuwaY4OffmgtgTLTDK8=",
      "requires": {
        "js-tokens": "^3.0.0 || ^4.0.0"
      }
    },
    "minimatch": {
      "version": "3.0.4",
      "resolved": "http://registry.npm.taobao.org/minimatch/download/minimatch-3.0.4.tgz",
      "integrity": "sha1-UWbihkV/AzBgZL5Ul+jbsMPTIIM=",
      "requires": {
        "brace-expansion": "^1.1.7"
      }
    },
    "moment": {
      "version": "2.24.0",
      "resolved": "http://registry.npm.taobao.org/moment/download/moment-2.24.0.tgz",
      "integrity": "sha1-DQVdU/UFKqZTyfbraLtdEr9cK1s="
    },
    "mustache": {
      "version": "3.0.1",
      "resolved": "http://registry.npm.taobao.org/mustache/download/mustache-3.0.1.tgz",
      "integrity": "sha1-hzhV8jqoqVsVD7ltmDbtvFodJIo="
    },
    "object-assign": {
      "version": "4.1.1",
      "resolved": "http://registry.npm.taobao.org/object-assign/download/object-assign-4.1.1.tgz",
      "integrity": "sha1-IQmtx5ZYh8/AXLvUQsrIv7s2CGM="
    },
    "once": {
      "version": "1.4.0",
      "resolved": "http://registry.npm.taobao.org/once/download/once-1.4.0.tgz",
      "integrity": "sha1-WDsap3WWHUsROsF9nFC6753Xa9E=",
      "requires": {
        "wrappy": "1"
      }
    },
    "path-is-absolute": {
      "version": "1.0.1",
      "resolved": "http://registry.npm.taobao.org/path-is-absolute/download/path-is-absolute-1.0.1.tgz",
      "integrity": "sha1-F0uSaHNVNP+8es5r9TpanhtcX18="
    },
    "path-type": {
      "version": "3.0.0",
      "resolved": "http://registry.npm.taobao.org/path-type/download/path-type-3.0.0.tgz",
      "integrity": "sha1-zvMdyOCho7sNEFwM2Xzzv0f0428=",
      "requires": {
        "pify": "^3.0.0"
      }
    },
    "pify": {
      "version": "3.0.0",
      "resolved": "http://registry.npm.taobao.org/pify/download/pify-3.0.0.tgz",
      "integrity": "sha1-5aSs0sEB/fPZpNB/DbxNtJ3SgXY="
    },
    "prop-types": {
      "version": "15.6.2",
      "resolved": "http://registry.npm.taobao.org/prop-types/download/prop-types-15.6.2.tgz",
      "integrity": "sha1-BdXKd7RFPphdYPx/+MhZCUpJcQI=",
      "requires": {
        "loose-envify": "^1.3.1",
        "object-assign": "^4.1.1"
      }
    },
    "react-intl": {
      "version": "2.7.2",
      "resolved": "http://registry.npm.taobao.org/react-intl/download/react-intl-2.7.2.tgz",
      "integrity": "sha1-7+l+P8Dpm06IpuYVCFTT0YUqQ4E=",
      "requires": {
        "hoist-non-react-statics": "^2.5.5",
        "intl-format-cache": "^2.0.5",
        "intl-messageformat": "^2.1.0",
        "intl-relativeformat": "^2.1.0",
        "invariant": "^2.1.1"
      }
    },
    "slash": {
      "version": "1.0.0",
      "resolved": "http://registry.npm.taobao.org/slash/download/slash-1.0.0.tgz",
      "integrity": "sha1-xB8vbDn8FtHNF61LXYlhFK5HDVU="
    },
    "slash2": {
      "version": "2.0.0",
      "resolved": "http://registry.npm.taobao.org/slash2/download/slash2-2.0.0.tgz",
      "integrity": "sha1-9OChFwi4VFuRJpWYHPcJb1LGNIc="
    },
    "wrappy": {
      "version": "1.0.2",
      "resolved": "http://registry.npm.taobao.org/wrappy/download/wrappy-1.0.2.tgz",
      "integrity": "sha1-tSQ9jz7BqjXxNkYFvA0QNuMKtp8="
    }
  }
}
